
Microsoft Visual Studio Solution File, Format Version 11.00
# Visual Studio 2010
Project("{8BC9CEB8-8B4A-11D0-8D11-00A0C91BC942}") = "memreduct", "memreduct.vcxproj", "{9F4AF041-FDB1-4BF7-B35F-A7684A45308E}"
EndProject
Project("{8BC9CEB8-8B4A-11D0-8D11-00A0C91BC942}") = "Russian", "src\languages\Russian\Russian.vcxproj", "{048F3010-5D3F-497E-8057-AF7C85417336}"
EndProject
Project("{8BC9CEB8-8B4A-11D0-8D11-00A0C91BC942}") = "Bulgarian", "src\languages\Bulgarian\Bulgarian.vcxproj", "{048F3010-5D3F-497E-8057-AF7C85417331}"
EndProject
Project("{8BC9CEB8-8B4A-11D0-8D11-00A0C91BC942}") = "Chinese (Simplified)", "src\languages\Chinese (simplified)\Chinese (simplified).vcxproj", "{646A4E17-2D6A-41B7-A0F5-302C8818BA21}"
EndProject
Project("{8BC9CEB8-8B4A-11D0-8D11-00A0C91BC942}") = "Chinese (Traditional)", "src\languages\Chinese (Traditional)\Chinese (Traditional).vcxproj", "{E1081F10-E37F-4190-ABF0-D17B03A06ACE}"
EndProject
Project("{8BC9CEB8-8B4A-11D0-8D11-00A0C91BC942}") = "Bosnian", "src\languages\Bosnian\Bosnian.vcxproj", "{3EA02FF7-0281-444B-80E4-6D2135730472}"
EndProject
Project("{8BC9CEB8-8B4A-11D0-8D11-00A0C91BC942}") = "Spanish", "src\languages\Spanish\Spanish.vcxproj", "{8D7C605F-4447-4114-871D-2F7411D8C502}"
EndProject
Project("{8BC9CEB8-8B4A-11D0-8D11-00A0C91BC942}") = "Basque", "src\languages\Basque\Basque.vcxproj", "{E25E4094-649A-4E4F-99DE-77C3BE1146A5}"
EndProject
Project("{8BC9CEB8-8B4A-11D0-8D11-00A0C91BC942}") = "Swedish", "src\languages\Swedish\Swedish.vcxproj", "{16BC4AFC-A9CC-454D-B7D3-7A37475380EF}"
EndProject
Project("{8BC9CEB8-8B4A-11D0-8D11-00A0C91BC942}") = "Portuguese (Portugal)", "src\languages\Portuguese (Portugal)\Portuguese (Portugal).vcxproj", "{4EF0D62E-A728-4B10-B704-B7B82DB550DF}"
EndProject
Project("{8BC9CEB8-8B4A-11D0-8D11-00A0C91BC942}") = "Italian", "src\languages\Italian\Italian.vcxproj", "{A232E077-4564-441B-B407-BD964A9FB6D1}"
EndProject
Project("{8BC9CEB8-8B4A-11D0-8D11-00A0C91BC942}") = "Slovak", "src\languages\Slovak\Slovak.vcxproj", "{4876B402-1538-4B48-BD26-AC9A0382824F}"
EndProject
Project("{8BC9CEB8-8B4A-11D0-8D11-00A0C91BC942}") = "German", "src\languages\German\German.vcxproj", "{F52BBAD0-12E6-4EDE-A991-1C4ADCBBA305}"
EndProject
Project("{8BC9CEB8-8B4A-11D0-8D11-00A0C91BC942}") = "Portuguese (Brazil)", "src\languages\Portuguese (Brazil)\Portuguese (Brazil).vcxproj", "{09947EB5-B704-4D09-983E-409947D238B5}"
EndProject
Global
	GlobalSection(SolutionConfigurationPlatforms) = preSolution
		Debug|Win32 = Debug|Win32
		Release|Win32 = Release|Win32
	EndGlobalSection
	GlobalSection(ProjectConfigurationPlatforms) = postSolution
		{9F4AF041-FDB1-4BF7-B35F-A7684A45308E}.Debug|Win32.ActiveCfg = Debug|Win32
		{9F4AF041-FDB1-4BF7-B35F-A7684A45308E}.Debug|Win32.Build.0 = Debug|Win32
		{9F4AF041-FDB1-4BF7-B35F-A7684A45308E}.Release|Win32.ActiveCfg = Release|Win32
		{9F4AF041-FDB1-4BF7-B35F-A7684A45308E}.Release|Win32.Build.0 = Release|Win32
		{048F3010-5D3F-497E-8057-AF7C85417336}.Debug|Win32.ActiveCfg = Debug|Win32
		{048F3010-5D3F-497E-8057-AF7C85417336}.Debug|Win32.Build.0 = Debug|Win32
		{048F3010-5D3F-497E-8057-AF7C85417336}.Release|Win32.ActiveCfg = Release|Win32
		{048F3010-5D3F-497E-8057-AF7C85417336}.Release|Win32.Build.0 = Release|Win32
		{048F3010-5D3F-497E-8057-AF7C85417331}.Debug|Win32.ActiveCfg = Debug|Win32
		{048F3010-5D3F-497E-8057-AF7C85417331}.Debug|Win32.Build.0 = Debug|Win32
		{048F3010-5D3F-497E-8057-AF7C85417331}.Release|Win32.ActiveCfg = Release|Win32
		{048F3010-5D3F-497E-8057-AF7C85417331}.Release|Win32.Build.0 = Release|Win32
		{646A4E17-2D6A-41B7-A0F5-302C8818BA21}.Debug|Win32.ActiveCfg = Debug|Win32
		{646A4E17-2D6A-41B7-A0F5-302C8818BA21}.Debug|Win32.Build.0 = Debug|Win32
		{646A4E17-2D6A-41B7-A0F5-302C8818BA21}.Release|Win32.ActiveCfg = Release|Win32
		{646A4E17-2D6A-41B7-A0F5-302C8818BA21}.Release|Win32.Build.0 = Release|Win32
		{E1081F10-E37F-4190-ABF0-D17B03A06ACE}.Debug|Win32.ActiveCfg = Debug|Win32
		{E1081F10-E37F-4190-ABF0-D17B03A06ACE}.Debug|Win32.Build.0 = Debug|Win32
		{E1081F10-E37F-4190-ABF0-D17B03A06ACE}.Release|Win32.ActiveCfg = Release|Win32
		{E1081F10-E37F-4190-ABF0-D17B03A06ACE}.Release|Win32.Build.0 = Release|Win32
		{3EA02FF7-0281-444B-80E4-6D2135730472}.Debug|Win32.ActiveCfg = Debug|Win32
		{3EA02FF7-0281-444B-80E4-6D2135730472}.Debug|Win32.Build.0 = Debug|Win32
		{3EA02FF7-0281-444B-80E4-6D2135730472}.Release|Win32.ActiveCfg = Release|Win32
		{3EA02FF7-0281-444B-80E4-6D2135730472}.Release|Win32.Build.0 = Release|Win32
		{8D7C605F-4447-4114-871D-2F7411D8C502}.Debug|Win32.ActiveCfg = Debug|Win32
		{8D7C605F-4447-4114-871D-2F7411D8C502}.Debug|Win32.Build.0 = Debug|Win32
		{8D7C605F-4447-4114-871D-2F7411D8C502}.Release|Win32.ActiveCfg = Release|Win32
		{8D7C605F-4447-4114-871D-2F7411D8C502}.Release|Win32.Build.0 = Release|Win32
		{E25E4094-649A-4E4F-99DE-77C3BE1146A5}.Debug|Win32.ActiveCfg = Debug|Win32
		{E25E4094-649A-4E4F-99DE-77C3BE1146A5}.Debug|Win32.Build.0 = Debug|Win32
		{E25E4094-649A-4E4F-99DE-77C3BE1146A5}.Release|Win32.ActiveCfg = Release|Win32
		{E25E4094-649A-4E4F-99DE-77C3BE1146A5}.Release|Win32.Build.0 = Release|Win32
		{16BC4AFC-A9CC-454D-B7D3-7A37475380EF}.Debug|Win32.ActiveCfg = Debug|Win32
		{16BC4AFC-A9CC-454D-B7D3-7A37475380EF}.Debug|Win32.Build.0 = Debug|Win32
		{16BC4AFC-A9CC-454D-B7D3-7A37475380EF}.Release|Win32.ActiveCfg = Release|Win32
		{16BC4AFC-A9CC-454D-B7D3-7A37475380EF}.Release|Win32.Build.0 = Release|Win32
		{4EF0D62E-A728-4B10-B704-B7B82DB550DF}.Debug|Win32.ActiveCfg = Debug|Win32
		{4EF0D62E-A728-4B10-B704-B7B82DB550DF}.Debug|Win32.Build.0 = Debug|Win32
		{4EF0D62E-A728-4B10-B704-B7B82DB550DF}.Release|Win32.ActiveCfg = Release|Win32
		{4EF0D62E-A728-4B10-B704-B7B82DB550DF}.Release|Win32.Build.0 = Release|Win32
		{A232E077-4564-441B-B407-BD964A9FB6D1}.Debug|Win32.ActiveCfg = Debug|Win32
		{A232E077-4564-441B-B407-BD964A9FB6D1}.Debug|Win32.Build.0 = Debug|Win32
		{A232E077-4564-441B-B407-BD964A9FB6D1}.Release|Win32.ActiveCfg = Release|Win32
		{A232E077-4564-441B-B407-BD964A9FB6D1}.Release|Win32.Build.0 = Release|Win32
		{4876B402-1538-4B48-BD26-AC9A0382824F}.Debug|Win32.ActiveCfg = Debug|Win32
		{4876B402-1538-4B48-BD26-AC9A0382824F}.Debug|Win32.Build.0 = Debug|Win32
		{4876B402-1538-4B48-BD26-AC9A0382824F}.Release|Win32.ActiveCfg = Release|Win32
		{4876B402-1538-4B48-BD26-AC9A0382824F}.Release|Win32.Build.0 = Release|Win32
		{F52BBAD0-12E6-4EDE-A991-1C4ADCBBA305}.Debug|Win32.ActiveCfg = Debug|Win32
		{F52BBAD0-12E6-4EDE-A991-1C4ADCBBA305}.Debug|Win32.Build.0 = Debug|Win32
		{F52BBAD0-12E6-4EDE-A991-1C4ADCBBA305}.Release|Win32.ActiveCfg = Release|Win32
		{F52BBAD0-12E6-4EDE-A991-1C4ADCBBA305}.Release|Win32.Build.0 = Release|Win32
		{09947EB5-B704-4D09-983E-409947D238B5}.Debug|Win32.ActiveCfg = Debug|Win32
		{09947EB5-B704-4D09-983E-409947D238B5}.Debug|Win32.Build.0 = Debug|Win32
		{09947EB5-B704-4D09-983E-409947D238B5}.Release|Win32.ActiveCfg = Release|Win32
		{09947EB5-B704-4D09-983E-409947D238B5}.Release|Win32.Build.0 = Release|Win32
	EndGlobalSection
	GlobalSection(SolutionProperties) = preSolution
		HideSolutionNode = FALSE
	EndGlobalSection
EndGlobal
